
Microsoft Visual Studio Solution File, Format Version 12.00
Project("{FAE04EC0-301F-11D3-BF4B-00C04F79EFBC}") = "exp-web", "exp-web\exp-web.csproj", "{CBF658A9-E492-4FAD-B626-4AB9C0123C19}"
EndProject
Global
	GlobalSection(SolutionConfigurationPlatforms) = preSolution
		Debug|Any CPU = Debug|Any CPU
		Release|Any CPU = Release|Any CPU
	EndGlobalSection
	GlobalSection(ProjectConfigurationPlatforms) = postSolution
		{CBF658A9-E492-4FAD-B626-4AB9C0123C19}.Debug|Any CPU.ActiveCfg = Debug|Any CPU
		{CBF658A9-E492-4FAD-B626-4AB9C0123C19}.Debug|Any CPU.Build.0 = Debug|Any CPU
		{CBF658A9-E492-4FAD-B626-4AB9C0123C19}.Release|Any CPU.ActiveCfg = Release|Any CPU
		{CBF658A9-E492-4FAD-B626-4AB9C0123C19}.Release|Any CPU.Build.0 = Release|Any CPU
	EndGlobalSection
EndGlobal
